
Microsoft Visual Studio Solution File, Format Version 12.00
# Visual Studio 14
VisualStudioVersion = 14.0.25420.1
MinimumVisualStudioVersion = 10.0.40219.1
Project("{FAE04EC0-301F-11D3-BF4B-00C04F79EFBC}") = "Sirius.Timetable.Droid", "Sirius.Timetable\Sirius.Timetable.Droid\Sirius.Timetable.Droid.csproj", "{9768FB97-730C-48A9-AEC6-CD07B3C8A65B}"
EndProject
Project("{FAE04EC0-301F-11D3-BF4B-00C04F79EFBC}") = "Sirius.Timetable", "Sirius.Timetable\Sirius.Timetable\Sirius.Timetable.csproj", "{67F9D3A8-F71E-4428-913F-C37AE82CDB24}"
EndProject
Project("{FAE04EC0-301F-11D3-BF4B-00C04F79EFBC}") = "Sirius.Timetable.Core", "Sirius.Timetable\Sirius.Timetable.Core\Sirius.Timetable.Core.csproj", "{BE52EB50-B0DA-4689-8964-AF0D7C5DEE46}"
EndProject
Global
	GlobalSection(SolutionConfigurationPlatforms) = preSolution
		Debug|Any CPU = Debug|Any CPU
		Debug|iPhone = Debug|iPhone
		Debug|iPhoneSimulator = Debug|iPhoneSimulator
		Release|Any CPU = Release|Any CPU
		Release|iPhone = Release|iPhone
		Release|iPhoneSimulator = Release|iPhoneSimulator
	EndGlobalSection
	GlobalSection(ProjectConfigurationPlatforms) = postSolution
		{9768FB97-730C-48A9-AEC6-CD07B3C8A65B}.Debug|Any CPU.ActiveCfg = Debug|Any CPU
		{9768FB97-730C-48A9-AEC6-CD07B3C8A65B}.Debug|Any CPU.Build.0 = Debug|Any CPU
		{9768FB97-730C-48A9-AEC6-CD07B3C8A65B}.Debug|Any CPU.Deploy.0 = Debug|Any CPU
		{9768FB97-730C-48A9-AEC6-CD07B3C8A65B}.Debug|iPhone.ActiveCfg = Debug|Any CPU
		{9768FB97-730C-48A9-AEC6-CD07B3C8A65B}.Debug|iPhone.Build.0 = Debug|Any CPU
		{9768FB97-730C-48A9-AEC6-CD07B3C8A65B}.Debug|iPhone.Deploy.0 = Debug|Any CPU
		{9768FB97-730C-48A9-AEC6-CD07B3C8A65B}.Debug|iPhoneSimulator.ActiveCfg = Debug|Any CPU
		{9768FB97-730C-48A9-AEC6-CD07B3C8A65B}.Debug|iPhoneSimulator.Build.0 = Debug|Any CPU
		{9768FB97-730C-48A9-AEC6-CD07B3C8A65B}.Debug|iPhoneSimulator.Deploy.0 = Debug|Any CPU
		{9768FB97-730C-48A9-AEC6-CD07B3C8A65B}.Release|Any CPU.ActiveCfg = Release|Any CPU
		{9768FB97-730C-48A9-AEC6-CD07B3C8A65B}.Release|Any CPU.Build.0 = Release|Any CPU
		{9768FB97-730C-48A9-AEC6-CD07B3C8A65B}.Release|Any CPU.Deploy.0 = Release|Any CPU
		{9768FB97-730C-48A9-AEC6-CD07B3C8A65B}.Release|iPhone.ActiveCfg = Release|Any CPU
		{9768FB97-730C-48A9-AEC6-CD07B3C8A65B}.Release|iPhone.Build.0 = Release|Any CPU
		{9768FB97-730C-48A9-AEC6-CD07B3C8A65B}.Release|iPhone.Deploy.0 = Release|Any CPU
		{9768FB97-730C-48A9-AEC6-CD07B3C8A65B}.Release|iPhoneSimulator.ActiveCfg = Release|Any CPU
		{9768FB97-730C-48A9-AEC6-CD07B3C8A65B}.Release|iPhoneSimulator.Build.0 = Release|Any CPU
		{9768FB97-730C-48A9-AEC6-CD07B3C8A65B}.Release|iPhoneSimulator.Deploy.0 = Release|Any CPU
		{67F9D3A8-F71E-4428-913F-C37AE82CDB24}.Debug|Any CPU.ActiveCfg = Debug|Any CPU
		{67F9D3A8-F71E-4428-913F-C37AE82CDB24}.Debug|Any CPU.Build.0 = Debug|Any CPU
		{67F9D3A8-F71E-4428-913F-C37AE82CDB24}.Debug|iPhone.ActiveCfg = Debug|Any CPU
		{67F9D3A8-F71E-4428-913F-C37AE82CDB24}.Debug|iPhone.Build.0 = Debug|Any CPU
		{67F9D3A8-F71E-4428-913F-C37AE82CDB24}.Debug|iPhoneSimulator.ActiveCfg = Debug|Any CPU
		{67F9D3A8-F71E-4428-913F-C37AE82CDB24}.Debug|iPhoneSimulator.Build.0 = Debug|Any CPU
		{67F9D3A8-F71E-4428-913F-C37AE82CDB24}.Release|Any CPU.ActiveCfg = Release|Any CPU
		{67F9D3A8-F71E-4428-913F-C37AE82CDB24}.Release|Any CPU.Build.0 = Release|Any CPU
		{67F9D3A8-F71E-4428-913F-C37AE82CDB24}.Release|iPhone.ActiveCfg = Release|Any CPU
		{67F9D3A8-F71E-4428-913F-C37AE82CDB24}.Release|iPhone.Build.0 = Release|Any CPU
		{67F9D3A8-F71E-4428-913F-C37AE82CDB24}.Release|iPhoneSimulator.ActiveCfg = Release|Any CPU
		{67F9D3A8-F71E-4428-913F-C37AE82CDB24}.Release|iPhoneSimulator.Build.0 = Release|Any CPU
		{BE52EB50-B0DA-4689-8964-AF0D7C5DEE46}.Debug|Any CPU.ActiveCfg = Debug|Any CPU
		{BE52EB50-B0DA-4689-8964-AF0D7C5DEE46}.Debug|Any CPU.Build.0 = Debug|Any CPU
		{BE52EB50-B0DA-4689-8964-AF0D7C5DEE46}.Debug|iPhone.ActiveCfg = Debug|Any CPU
		{BE52EB50-B0DA-4689-8964-AF0D7C5DEE46}.Debug|iPhone.Build.0 = Debug|Any CPU
		{BE52EB50-B0DA-4689-8964-AF0D7C5DEE46}.Debug|iPhoneSimulator.ActiveCfg = Debug|Any CPU
		{BE52EB50-B0DA-4689-8964-AF0D7C5DEE46}.Debug|iPhoneSimulator.Build.0 = Debug|Any CPU
		{BE52EB50-B0DA-4689-8964-AF0D7C5DEE46}.Release|Any CPU.ActiveCfg = Release|Any CPU
		{BE52EB50-B0DA-4689-8964-AF0D7C5DEE46}.Release|Any CPU.Build.0 = Release|Any CPU
		{BE52EB50-B0DA-4689-8964-AF0D7C5DEE46}.Release|iPhone.ActiveCfg = Release|Any CPU
		{BE52EB50-B0DA-4689-8964-AF0D7C5DEE46}.Release|iPhone.Build.0 = Release|Any CPU
		{BE52EB50-B0DA-4689-8964-AF0D7C5DEE46}.Release|iPhoneSimulator.ActiveCfg = Release|Any CPU
		{BE52EB50-B0DA-4689-8964-AF0D7C5DEE46}.Release|iPhoneSimulator.Build.0 = Release|Any CPU
	EndGlobalSection
	GlobalSection(SolutionProperties) = preSolution
		HideSolutionNode = FALSE
	EndGlobalSection
EndGlobal
